// !$*UTF8*$!
{
	archiveVersion = 1;
	classes = {
	};
	objectVersion = 46;
	objects = {

/* Begin PBXBuildFile section */
		D27F94301967C1C000B32A67 /* Foundation.framework in Frameworks */ = {isa = PBXBuildFile; fileRef = D27F942F1967C1C000B32A67 /* Foundation.framework */; };
		D27F94321967C1C000B32A67 /* CoreGraphics.framework in Frameworks */ = {isa = PBXBuildFile; fileRef = D27F94311967C1C000B32A67 /* CoreGraphics.framework */; };
		D27F94341967C1C000B32A67 /* UIKit.framework in Frameworks */ = {isa = PBXBuildFile; fileRef = D27F94331967C1C000B32A67 /* UIKit.framework */; };
		D27F943A1967C1C000B32A67 /* InfoPlist.strings in Resources */ = {isa = PBXBuildFile; fileRef = D27F94381967C1C000B32A67 /* InfoPlist.strings */; };
		D27F943C1967C1C000B32A67 /* main.m in Sources */ = {isa = PBXBuildFile; fileRef = D27F943B1967C1C000B32A67 /* main.m */; };
		D27F94401967C1C000B32A67 /* AppDelegate.m in Sources */ = {isa = PBXBuildFile; fileRef = D27F943F1967C1C000B32A67 /* AppDelegate.m */; };
		D27F94431967C1C000B32A67 /* Main_iPhone.storyboard in Resources */ = {isa = PBXBuildFile; fileRef = D27F94411967C1C000B32A67 /* Main_iPhone.storyboard */; };
		D27F94461967C1C000B32A67 /* Main_iPad.storyboard in Resources */ = {isa = PBXBuildFile; fileRef = D27F94441967C1C000B32A67 /* Main_iPad.storyboard */; };
		D27F944B1967C1C000B32A67 /* Images.xcassets in Resources */ = {isa = PBXBuildFile; fileRef = D27F944A1967C1C000B32A67 /* Images.xcassets */; };
		D27F94521967C1C000B32A67 /* XCTest.framework in Frameworks */ = {isa = PBXBuildFile; fileRef = D27F94511967C1C000B32A67 /* XCTest.framework */; };
		D27F94531967C1C000B32A67 /* Foundation.framework in Frameworks */ = {isa = PBXBuildFile; fileRef = D27F942F1967C1C000B32A67 /* Foundation.framework */; };
		D27F94541967C1C000B32A67 /* UIKit.framework in Frameworks */ = {isa = PBXBuildFile; fileRef = D27F94331967C1C000B32A67 /* UIKit.framework */; };
		D27F945C1967C1C000B32A67 /* InfoPlist.strings in Resources */ = {isa = PBXBuildFile; fileRef = D27F945A1967C1C000B32A67 /* InfoPlist.strings */; };
		D27F945E1967C1C000B32A67 /* wineWheelTests.m in Sources */ = {isa = PBXBuildFile; fileRef = D27F945D1967C1C000B32A67 /* wineWheelTests.m */; };
		D27F94691967C23500B32A67 /* TasteViewController.m in Sources */ = {isa = PBXBuildFile; fileRef = D27F94681967C23500B32A67 /* TasteViewController.m */; };
		D27F946C1967C39A00B32A67 /* MainMenuViewController.m in Sources */ = {isa = PBXBuildFile; fileRef = D27F946B1967C39A00B32A67 /* MainMenuViewController.m */; };
		D27F946F1967C83F00B32A67 /* backButton.png in Resources */ = {isa = PBXBuildFile; fileRef = D27F946E1967C83F00B32A67 /* backButton.png */; };
		D27F94711967CED900B32A67 /* wineWheelFull.png in Resources */ = {isa = PBXBuildFile; fileRef = D27F94701967CED900B32A67 /* wineWheelFull.png */; };
		D27F94731967DB7C00B32A67 /* downButton.png in Resources */ = {isa = PBXBuildFile; fileRef = D27F94721967DB7C00B32A67 /* downButton.png */; };
/* End PBXBuildFile section */

/* Begin PBXContainerItemProxy section */
		D27F94551967C1C000B32A67 /* PBXContainerItemProxy */ = {
			isa = PBXContainerItemProxy;
			containerPortal = D27F94241967C1BF00B32A67 /* Project object */;
			proxyType = 1;
			remoteGlobalIDString = D27F942B1967C1C000B32A67;
			remoteInfo = wineWheel;
		};
/* End PBXContainerItemProxy section */

/* Begin PBXFileReference section */
		D27F942C1967C1C000B32A67 /* wineWheel.app */ = {isa = PBXFileReference; explicitFileType = wrapper.application; includeInIndex = 0; path = wineWheel.app; sourceTree = BUILT_PRODUCTS_DIR; };
		D27F942F1967C1C000B32A67 /* Foundation.framework */ = {isa = PBXFileReference; lastKnownFileType = wrapper.framework; name = Foundation.framework; path = System/Library/Frameworks/Foundation.framework; sourceTree = SDKROOT; };
		D27F94311967C1C000B32A67 /* CoreGraphics.framework */ = {isa = PBXFileReference; lastKnownFileType = wrapper.framework; name = CoreGraphics.framework; path = System/Library/Frameworks/CoreGraphics.framework; sourceTree = SDKROOT; };
		D27F94331967C1C000B32A67 /* UIKit.framework */ = {isa = PBXFileReference; lastKnownFileType = wrapper.framework; name = UIKit.framework; path = System/Library/Frameworks/UIKit.framework; sourceTree = SDKROOT; };
		D27F94371967C1C000B32A67 /* wineWheel-Info.plist */ = {isa = PBXFileReference; lastKnownFileType = text.plist.xml; path = "wineWheel-Info.plist"; sourceTree = "<group>"; };
		D27F94391967C1C000B32A67 /* en */ = {isa = PBXFileReference; lastKnownFileType = text.plist.strings; name = en; path = en.lproj/InfoPlist.strings; sourceTree = "<group>"; };
		D27F943B1967C1C000B32A67 /* main.m */ = {isa = PBXFileReference; lastKnownFileType = sourcecode.c.objc; path = main.m; sourceTree = "<group>"; };
		D27F943D1967C1C000B32A67 /* wineWheel-Prefix.pch */ = {isa = PBXFileReference; lastKnownFileType = sourcecode.c.h; path = "wineWheel-Prefix.pch"; sourceTree = "<group>"; };
		D27F943E1967C1C000B32A67 /* AppDelegate.h */ = {isa = PBXFileReference; lastKnownFileType = sourcecode.c.h; path = AppDelegate.h; sourceTree = "<group>"; };
		D27F943F1967C1C000B32A67 /* AppDelegate.m */ = {isa = PBXFileReference; lastKnownFileType = sourcecode.c.objc; path = AppDelegate.m; sourceTree = "<group>"; };
		D27F94421967C1C000B32A67 /* Base */ = {isa = PBXFileReference; lastKnownFileType = file.storyboard; name = Base; path = Base.lproj/Main_iPhone.storyboard; sourceTree = "<group>"; };
		D27F94451967C1C000B32A67 /* Base */ = {isa = PBXFileReference; lastKnownFileType = file.storyboard; name = Base; path = Base.lproj/Main_iPad.storyboard; sourceTree = "<group>"; };
		D27F944A1967C1C000B32A67 /* Images.xcassets */ = {isa = PBXFileReference; lastKnownFileType = folder.assetcatalog; path = Images.xcassets; sourceTree = "<group>"; };
		D27F94501967C1C000B32A67 /* wineWheelTests.xctest */ = {isa = PBXFileReference; explicitFileType = wrapper.cfbundle; includeInIndex = 0; path = wineWheelTests.xctest; sourceTree = BUILT_PRODUCTS_DIR; };
		D27F94511967C1C000B32A67 /* XCTest.framework */ = {isa = PBXFileReference; lastKnownFileType = wrapper.framework; name = XCTest.framework; path = Library/Frameworks/XCTest.framework; sourceTree = DEVELOPER_DIR; };
		D27F94591967C1C000B32A67 /* wineWheelTests-Info.plist */ = {isa = PBXFileReference; lastKnownFileType = text.plist.xml; path = "wineWheelTests-Info.plist"; sourceTree = "<group>"; };
		D27F945B1967C1C000B32A67 /* en */ = {isa = PBXFileReference; lastKnownFileType = text.plist.strings; name = en; path = en.lproj/InfoPlist.strings; sourceTree = "<group>"; };
		D27F945D1967C1C000B32A67 /* wineWheelTests.m */ = {isa = PBXFileReference; lastKnownFileType = sourcecode.c.objc; path = wineWheelTests.m; sourceTree = "<group>"; };
		D27F94671967C23500B32A67 /* TasteViewController.h */ = {isa = PBXFileReference; fileEncoding = 4; lastKnownFileType = sourcecode.c.h; path = TasteViewController.h; sourceTree = "<group>"; };
		D27F94681967C23500B32A67 /* TasteViewController.m */ = {isa = PBXFileReference; fileEncoding = 4; lastKnownFileType = sourcecode.c.objc; path = TasteViewController.m; sourceTree = "<group>"; };
		D27F946A1967C39A00B32A67 /* MainMenuViewController.h */ = {isa = PBXFileReference; fileEncoding = 4; lastKnownFileType = sourcecode.c.h; path = MainMenuViewController.h; sourceTree = "<group>"; };
		D27F946B1967C39A00B32A67 /* MainMenuViewController.m */ = {isa = PBXFileReference; fileEncoding = 4; lastKnownFileType = sourcecode.c.objc; path = MainMenuViewController.m; sourceTree = "<group>"; };
		D27F946E1967C83F00B32A67 /* backButton.png */ = {isa = PBXFileReference; lastKnownFileType = image.png; path = backButton.png; sourceTree = SOURCE_ROOT; };
		D27F94701967CED900B32A67 /* wineWheelFull.png */ = {isa = PBXFileReference; lastKnownFileType = image.png; path = wineWheelFull.png; sourceTree = SOURCE_ROOT; };
		D27F94721967DB7C00B32A67 /* downButton.png */ = {isa = PBXFileReference; lastKnownFileType = image.png; path = downButton.png; sourceTree = SOURCE_ROOT; };
/* End PBXFileReference section */

/* Begin PBXFrameworksBuildPhase section */
		D27F94291967C1C000B32A67 /* Frameworks */ = {
			isa = PBXFrameworksBuildPhase;
			buildActionMask = 2147483647;
			files = (
				D27F94321967C1C000B32A67 /* CoreGraphics.framework in Frameworks */,
				D27F94341967C1C000B32A67 /* UIKit.framework in Frameworks */,
				D27F94301967C1C000B32A67 /* Foundation.framework in Frameworks */,
			);
			runOnlyForDeploymentPostprocessing = 0;
		};
		D27F944D1967C1C000B32A67 /* Frameworks */ = {
			isa = PBXFrameworksBuildPhase;
			buildActionMask = 2147483647;
			files = (
				D27F94521967C1C000B32A67 /* XCTest.framework in Frameworks */,
				D27F94541967C1C000B32A67 /* UIKit.framework in Frameworks */,
				D27F94531967C1C000B32A67 /* Foundation.framework in Frameworks */,
			);
			runOnlyForDeploymentPostprocessing = 0;
		};
/* End PBXFrameworksBuildPhase section */

/* Begin PBXGroup section */
		D27F94231967C1BF00B32A67 = {
			isa = PBXGroup;
			children = (
				D27F94351967C1C000B32A67 /* wineWheel */,
				D27F946D1967C7B400B32A67 /* Images */,
				D27F94571967C1C000B32A67 /* wineWheelTests */,
				D27F942E1967C1C000B32A67 /* Frameworks */,
				D27F942D1967C1C000B32A67 /* Products */,
			);
			sourceTree = "<group>";
		};
		D27F942D1967C1C000B32A67 /* Products */ = {
			isa = PBXGroup;
			children = (
				D27F942C1967C1C000B32A67 /* wineWheel.app */,
				D27F94501967C1C000B32A67 /* wineWheelTests.xctest */,
			);
			name = Products;
			sourceTree = "<group>";
		};
		D27F942E1967C1C000B32A67 /* Frameworks */ = {
			isa = PBXGroup;
			children = (
				D27F942F1967C1C000B32A67 /* Foundation.framework */,
				D27F94311967C1C000B32A67 /* CoreGraphics.framework */,
				D27F94331967C1C000B32A67 /* UIKit.framework */,
				D27F94511967C1C000B32A67 /* XCTest.framework */,
			);
			name = Frameworks;
			sourceTree = "<group>";
		};
		D27F94351967C1C000B32A67 /* wineWheel */ = {
			isa = PBXGroup;
			children = (
				D27F94411967C1C000B32A67 /* Main_iPhone.storyboard */,
				D27F94441967C1C000B32A67 /* Main_iPad.storyboard */,
				D27F943E1967C1C000B32A67 /* AppDelegate.h */,
				D27F943F1967C1C000B32A67 /* AppDelegate.m */,
				D27F946A1967C39A00B32A67 /* MainMenuViewController.h */,
				D27F946B1967C39A00B32A67 /* MainMenuViewController.m */,
				D27F94671967C23500B32A67 /* TasteViewController.h */,
				D27F94681967C23500B32A67 /* TasteViewController.m */,
				D27F944A1967C1C000B32A67 /* Images.xcassets */,
				D27F94361967C1C000B32A67 /* Supporting Files */,
			);
			path = wineWheel;
			sourceTree = "<group>";
		};
		D27F94361967C1C000B32A67 /* Supporting Files */ = {
			isa = PBXGroup;
			children = (
				D27F94371967C1C000B32A67 /* wineWheel-Info.plist */,
				D27F94381967C1C000B32A67 /* InfoPlist.strings */,
				D27F943B1967C1C000B32A67 /* main.m */,
				D27F943D1967C1C000B32A67 /* wineWheel-Prefix.pch */,
			);
			name = "Supporting Files";
			sourceTree = "<group>";
		};
		D27F94571967C1C000B32A67 /* wineWheelTests */ = {
			isa = PBXGroup;
			children = (
				D27F945D1967C1C000B32A67 /* wineWheelTests.m */,
				D27F94581967C1C000B32A67 /* Supporting Files */,
			);
			path = wineWheelTests;
			sourceTree = "<group>";
		};
		D27F94581967C1C000B32A67 /* Supporting Files */ = {
			isa = PBXGroup;
			children = (
				D27F94591967C1C000B32A67 /* wineWheelTests-Info.plist */,
				D27F945A1967C1C000B32A67 /* InfoPlist.strings */,
			);
			name = "Supporting Files";
			sourceTree = "<group>";
		};
		D27F946D1967C7B400B32A67 /* Images */ = {
			isa = PBXGroup;
			children = (
				D27F94701967CED900B32A67 /* wineWheelFull.png */,
				D27F946E1967C83F00B32A67 /* backButton.png */,
				D27F94721967DB7C00B32A67 /* downButton.png */,
			);
			name = Images;
			path = wineWheel;
			sourceTree = "<group>";
		};
/* End PBXGroup section */

/* Begin PBXNativeTarget section */
		D27F942B1967C1C000B32A67 /* wineWheel */ = {
			isa = PBXNativeTarget;
			buildConfigurationList = D27F94611967C1C000B32A67 /* Build configuration list for PBXNativeTarget "wineWheel" */;
			buildPhases = (
				D27F94281967C1C000B32A67 /* Sources */,
				D27F94291967C1C000B32A67 /* Frameworks */,
				D27F942A1967C1C000B32A67 /* Resources */,
			);
			buildRules = (
			);
			dependencies = (
			);
			name = wineWheel;
			productName = wineWheel;
			productReference = D27F942C1967C1C000B32A67 /* wineWheel.app */;
			productType = "com.apple.product-type.application";
		};
		D27F944F1967C1C000B32A67 /* wineWheelTests */ = {
			isa = PBXNativeTarget;
			buildConfigurationList = D27F94641967C1C000B32A67 /* Build configuration list for PBXNativeTarget "wineWheelTests" */;
			buildPhases = (
				D27F944C1967C1C000B32A67 /* Sources */,
				D27F944D1967C1C000B32A67 /* Frameworks */,
				D27F944E1967C1C000B32A67 /* Resources */,
			);
			buildRules = (
			);
			dependencies = (
				D27F94561967C1C000B32A67 /* PBXTargetDependency */,
			);
			name = wineWheelTests;
			productName = wineWheelTests;
			productReference = D27F94501967C1C000B32A67 /* wineWheelTests.xctest */;
			productType = "com.apple.product-type.bundle.unit-test";
		};
/* End PBXNativeTarget section */

/* Begin PBXProject section */
		D27F94241967C1BF00B32A67 /* Project object */ = {
			isa = PBXProject;
			attributes = {
				LastUpgradeCheck = 0510;
				ORGANIZATIONNAME = JD;
				TargetAttributes = {
					D27F942B1967C1C000B32A67 = {
						DevelopmentTeam = HAZSP44SD4;
					};
					D27F944F1967C1C000B32A67 = {
						TestTargetID = D27F942B1967C1C000B32A67;
					};
				};
			};
			buildConfigurationList = D27F94271967C1C000B32A67 /* Build configuration list for PBXProject "wineWheel" */;
			compatibilityVersion = "Xcode 3.2";
			developmentRegion = English;
			hasScannedForEncodings = 0;
			knownRegions = (
				en,
				Base,
			);
			mainGroup = D27F94231967C1BF00B32A67;
			productRefGroup = D27F942D1967C1C000B32A67 /* Products */;
			projectDirPath = "";
			projectRoot = "";
			targets = (
				D27F942B1967C1C000B32A67 /* wineWheel */,
				D27F944F1967C1C000B32A67 /* wineWheelTests */,
			);
		};
/* End PBXProject section */

/* Begin PBXResourcesBuildPhase section */
		D27F942A1967C1C000B32A67 /* Resources */ = {
			isa = PBXResourcesBuildPhase;
			buildActionMask = 2147483647;
			files = (
				D27F94461967C1C000B32A67 /* Main_iPad.storyboard in Resources */,
				D27F94711967CED900B32A67 /* wineWheelFull.png in Resources */,
				D27F944B1967C1C000B32A67 /* Images.xcassets in Resources */,
				D27F946F1967C83F00B32A67 /* backButton.png in Resources */,
				D27F94431967C1C000B32A67 /* Main_iPhone.storyboard in Resources */,
				D27F943A1967C1C000B32A67 /* InfoPlist.strings in Resources */,
				D27F94731967DB7C00B32A67 /* downButton.png in Resources */,
			);
			runOnlyForDeploymentPostprocessing = 0;
		};
		D27F944E1967C1C000B32A67 /* Resources */ = {
			isa = PBXResourcesBuildPhase;
			buildActionMask = 2147483647;
			files = (
				D27F945C1967C1C000B32A67 /* InfoPlist.strings in Resources */,
			);
			runOnlyForDeploymentPostprocessing = 0;
		};
/* End PBXResourcesBuildPhase section */

/* Begin PBXSourcesBuildPhase section */
		D27F94281967C1C000B32A67 /* Sources */ = {
			isa = PBXSourcesBuildPhase;
			buildActionMask = 2147483647;
			files = (
				D27F946C1967C39A00B32A67 /* MainMenuViewController.m in Sources */,
				D27F94691967C23500B32A67 /* TasteViewController.m in Sources */,
				D27F94401967C1C000B32A67 /* AppDelegate.m in Sources */,
				D27F943C1967C1C000B32A67 /* main.m in Sources */,
			);
			runOnlyForDeploymentPostprocessing = 0;
		};
		D27F944C1967C1C000B32A67 /* Sources */ = {
			isa = PBXSourcesBuildPhase;
			buildActionMask = 2147483647;
			files = (
				D27F945E1967C1C000B32A67 /* wineWheelTests.m in Sources */,
			);
			runOnlyForDeploymentPostprocessing = 0;
		};
/* End PBXSourcesBuildPhase section */

/* Begin PBXTargetDependency section */
		D27F94561967C1C000B32A67 /* PBXTargetDependency */ = {
			isa = PBXTargetDependency;
			target = D27F942B1967C1C000B32A67 /* wineWheel */;
			targetProxy = D27F94551967C1C000B32A67 /* PBXContainerItemProxy */;
		};
/* End PBXTargetDependency section */

/* Begin PBXVariantGroup section */
		D27F94381967C1C000B32A67 /* InfoPlist.strings */ = {
			isa = PBXVariantGroup;
			children = (
				D27F94391967C1C000B32A67 /* en */,
			);
			name = InfoPlist.strings;
			sourceTree = "<group>";
		};
		D27F94411967C1C000B32A67 /* Main_iPhone.storyboard */ = {
			isa = PBXVariantGroup;
			children = (
				D27F94421967C1C000B32A67 /* Base */,
			);
			name = Main_iPhone.storyboard;
			sourceTree = "<group>";
		};
		D27F94441967C1C000B32A67 /* Main_iPad.storyboard */ = {
			isa = PBXVariantGroup;
			children = (
				D27F94451967C1C000B32A67 /* Base */,
			);
			name = Main_iPad.storyboard;
			sourceTree = "<group>";
		};
		D27F945A1967C1C000B32A67 /* InfoPlist.strings */ = {
			isa = PBXVariantGroup;
			children = (
				D27F945B1967C1C000B32A67 /* en */,
			);
			name = InfoPlist.strings;
			sourceTree = "<group>";
		};
/* End PBXVariantGroup section */

/* Begin XCBuildConfiguration section */
		D27F945F1967C1C000B32A67 /* Debug */ = {
			isa = XCBuildConfiguration;
			buildSettings = {
				ALWAYS_SEARCH_USER_PATHS = NO;
				CLANG_CXX_LANGUAGE_STANDARD = "gnu++0x";
				CLANG_CXX_LIBRARY = "libc++";
				CLANG_ENABLE_MODULES = YES;
				CLANG_ENABLE_OBJC_ARC = YES;
				CLANG_WARN_BOOL_CONVERSION = YES;
				CLANG_WARN_CONSTANT_CONVERSION = YES;
				CLANG_WARN_DIRECT_OBJC_ISA_USAGE = YES_ERROR;
				CLANG_WARN_EMPTY_BODY = YES;
				CLANG_WARN_ENUM_CONVERSION = YES;
				CLANG_WARN_INT_CONVERSION = YES;
				CLANG_WARN_OBJC_ROOT_CLASS = YES_ERROR;
				CLANG_WARN__DUPLICATE_METHOD_MATCH = YES;
				"CODE_SIGN_IDENTITY[sdk=iphoneos*]" = "iPhone Developer";
				COPY_PHASE_STRIP = NO;
				GCC_C_LANGUAGE_STANDARD = gnu99;
				GCC_DYNAMIC_NO_PIC = NO;
				GCC_OPTIMIZATION_LEVEL = 0;
				GCC_PREPROCESSOR_DEFINITIONS = (
					"DEBUG=1",
					"$(inherited)",
				);
				GCC_SYMBOLS_PRIVATE_EXTERN = NO;
				GCC_WARN_64_TO_32_BIT_CONVERSION = YES;
				GCC_WARN_ABOUT_RETURN_TYPE = YES_ERROR;
				GCC_WARN_UNDECLARED_SELECTOR = YES;
				GCC_WARN_UNINITIALIZED_AUTOS = YES_AGGRESSIVE;
				GCC_WARN_UNUSED_FUNCTION = YES;
				GCC_WARN_UNUSED_VARIABLE = YES;
				IPHONEOS_DEPLOYMENT_TARGET = 7.1;
				ONLY_ACTIVE_ARCH = YES;
				SDKROOT = iphoneos;
				TARGETED_DEVICE_FAMILY = "1,2";
			};
			name = Debug;
		};
		D27F94601967C1C000B32A67 /* Release */ = {
			isa = XCBuildConfiguration;
			buildSettings = {
				ALWAYS_SEARCH_USER_PATHS = NO;
				CLANG_CXX_LANGUAGE_STANDARD = "gnu++0x";
				CLANG_CXX_LIBRARY = "libc++";
				CLANG_ENABLE_MODULES = YES;
				CLANG_ENABLE_OBJC_ARC = YES;
				CLANG_WARN_BOOL_CONVERSION = YES;
				CLANG_WARN_CONSTANT_CONVERSION = YES;
				CLANG_WARN_DIRECT_OBJC_ISA_USAGE = YES_ERROR;
				CLANG_WARN_EMPTY_BODY = YES;
				CLANG_WARN_ENUM_CONVERSION = YES;
				CLANG_WARN_INT_CONVERSION = YES;
				CLANG_WARN_OBJC_ROOT_CLASS = YES_ERROR;
				CLANG_WARN__DUPLICATE_METHOD_MATCH = YES;
				"CODE_SIGN_IDENTITY[sdk=iphoneos*]" = "iPhone Developer";
				COPY_PHASE_STRIP = YES;
				ENABLE_NS_ASSERTIONS = NO;
				GCC_C_LANGUAGE_STANDARD = gnu99;
				GCC_WARN_64_TO_32_BIT_CONVERSION = YES;
				GCC_WARN_ABOUT_RETURN_TYPE = YES_ERROR;
				GCC_WARN_UNDECLARED_SELECTOR = YES;
				GCC_WARN_UNINITIALIZED_AUTOS = YES_AGGRESSIVE;
				GCC_WARN_UNUSED_FUNCTION = YES;
				GCC_WARN_UNUSED_VARIABLE = YES;
				IPHONEOS_DEPLOYMENT_TARGET = 7.1;
				SDKROOT = iphoneos;
				TARGETED_DEVICE_FAMILY = "1,2";
				VALIDATE_PRODUCT = YES;
			};
			name = Release;
		};
		D27F94621967C1C000B32A67 /* Debug */ = {
			isa = XCBuildConfiguration;
			buildSettings = {
				ASSETCATALOG_COMPILER_APPICON_NAME = AppIcon;
				ASSETCATALOG_COMPILER_LAUNCHIMAGE_NAME = LaunchImage;
				CODE_SIGN_IDENTITY = "iPhone Developer";
				GCC_PRECOMPILE_PREFIX_HEADER = YES;
				GCC_PREFIX_HEADER = "wineWheel/wineWheel-Prefix.pch";
				INFOPLIST_FILE = "wineWheel/wineWheel-Info.plist";
				PRODUCT_NAME = "$(TARGET_NAME)";
				TARGETED_DEVICE_FAMILY = "1,2";
				WRAPPER_EXTENSION = app;
			};
			name = Debug;
		};
		D27F94631967C1C000B32A67 /* Release */ = {
			isa = XCBuildConfiguration;
			buildSettings = {
				ASSETCATALOG_COMPILER_APPICON_NAME = AppIcon;
				ASSETCATALOG_COMPILER_LAUNCHIMAGE_NAME = LaunchImage;
				CODE_SIGN_IDENTITY = "iPhone Developer";
				GCC_PRECOMPILE_PREFIX_HEADER = YES;
				GCC_PREFIX_HEADER = "wineWheel/wineWheel-Prefix.pch";
				INFOPLIST_FILE = "wineWheel/wineWheel-Info.plist";
				PRODUCT_NAME = "$(TARGET_NAME)";
				TARGETED_DEVICE_FAMILY = "1,2";
				WRAPPER_EXTENSION = app;
			};
			name = Release;
		};
		D27F94651967C1C000B32A67 /* Debug */ = {
			isa = XCBuildConfiguration;
			buildSettings = {
				BUNDLE_LOADER = "$(BUILT_PRODUCTS_DIR)/wineWheel.app/wineWheel";
				FRAMEWORK_SEARCH_PATHS = (
					"$(SDKROOT)/Developer/Library/Frameworks",
					"$(inherited)",
					"$(DEVELOPER_FRAMEWORKS_DIR)",
				);
				GCC_PRECOMPILE_PREFIX_HEADER = YES;
				GCC_PREFIX_HEADER = "wineWheel/wineWheel-Prefix.pch";
				GCC_PREPROCESSOR_DEFINITIONS = (
					"DEBUG=1",
					"$(inherited)",
				);
				INFOPLIST_FILE = "wineWheelTests/wineWheelTests-Info.plist";
				PRODUCT_NAME = "$(TARGET_NAME)";
				TEST_HOST = "$(BUNDLE_LOADER)";
				WRAPPER_EXTENSION = xctest;
			};
			name = Debug;
		};
		D27F94661967C1C000B32A67 /* Release */ = {
			isa = XCBuildConfiguration;
			buildSettings = {
				BUNDLE_LOADER = "$(BUILT_PRODUCTS_DIR)/wineWheel.app/wineWheel";
				FRAMEWORK_SEARCH_PATHS = (
					"$(SDKROOT)/Developer/Library/Frameworks",
					"$(inherited)",
					"$(DEVELOPER_FRAMEWORKS_DIR)",
				);
				GCC_PRECOMPILE_PREFIX_HEADER = YES;
				GCC_PREFIX_HEADER = "wineWheel/wineWheel-Prefix.pch";
				INFOPLIST_FILE = "wineWheelTests/wineWheelTests-Info.plist";
				PRODUCT_NAME = "$(TARGET_NAME)";
				TEST_HOST = "$(BUNDLE_LOADER)";
				WRAPPER_EXTENSION = xctest;
			};
			name = Release;
		};
/* End XCBuildConfiguration section */

/* Begin XCConfigurationList section */
		D27F94271967C1C000B32A67 /* Build configuration list for PBXProject "wineWheel" */ = {
			isa = XCConfigurationList;
			buildConfigurations = (
				D27F945F1967C1C000B32A67 /* Debug */,
				D27F94601967C1C000B32A67 /* Release */,
			);
			defaultConfigurationIsVisible = 0;
			defaultConfigurationName = Release;
		};
		D27F94611967C1C000B32A67 /* Build configuration list for PBXNativeTarget "wineWheel" */ = {
			isa = XCConfigurationList;
			buildConfigurations = (
				D27F94621967C1C000B32A67 /* Debug */,
				D27F94631967C1C000B32A67 /* Release */,
			);
			defaultConfigurationIsVisible = 0;
		};
		D27F94641967C1C000B32A67 /* Build configuration list for PBXNativeTarget "wineWheelTests" */ = {
			isa = XCConfigurationList;
			buildConfigurations = (
				D27F94651967C1C000B32A67 /* Debug */,
				D27F94661967C1C000B32A67 /* Release */,
			);
			defaultConfigurationIsVisible = 0;
		};
/* End XCConfigurationList section */
	};
	rootObject = D27F94241967C1BF00B32A67 /* Project object */;
}
